
Microsoft Visual Studio Solution File, Format Version 12.00
# Visual Studio Version 16
VisualStudioVersion = 16.0.28922.388
MinimumVisualStudioVersion = 10.0.40219.1
Project("{9A19103F-16F7-4668-BE54-9A1E7A4F7556}") = "BookToReadAPI", "BookToReadAPI\BookToReadAPI.csproj", "{B0DB64F4-1A48-4998-88BB-4B1D58E54F55}"
EndProject
Project("{9A19103F-16F7-4668-BE54-9A1E7A4F7556}") = "BookToRead", "BookToRead\BookToRead.csproj", "{727B0A8B-7B4F-4D32-BC5F-9EFCA7573D8A}"
EndProject
Global
	GlobalSection(SolutionConfigurationPlatforms) = preSolution
		Debug|Any CPU = Debug|Any CPU
		Release|Any CPU = Release|Any CPU
	EndGlobalSection
	GlobalSection(ProjectConfigurationPlatforms) = postSolution
		{B0DB64F4-1A48-4998-88BB-4B1D58E54F55}.Debug|Any CPU.ActiveCfg = Debug|Any CPU
		{B0DB64F4-1A48-4998-88BB-4B1D58E54F55}.Debug|Any CPU.Build.0 = Debug|Any CPU
		{B0DB64F4-1A48-4998-88BB-4B1D58E54F55}.Release|Any CPU.ActiveCfg = Release|Any CPU
		{B0DB64F4-1A48-4998-88BB-4B1D58E54F55}.Release|Any CPU.Build.0 = Release|Any CPU
		{727B0A8B-7B4F-4D32-BC5F-9EFCA7573D8A}.Debug|Any CPU.ActiveCfg = Debug|Any CPU
		{727B0A8B-7B4F-4D32-BC5F-9EFCA7573D8A}.Debug|Any CPU.Build.0 = Debug|Any CPU
		{727B0A8B-7B4F-4D32-BC5F-9EFCA7573D8A}.Release|Any CPU.ActiveCfg = Release|Any CPU
		{727B0A8B-7B4F-4D32-BC5F-9EFCA7573D8A}.Release|Any CPU.Build.0 = Release|Any CPU
	EndGlobalSection
	GlobalSection(SolutionProperties) = preSolution
		HideSolutionNode = FALSE
	EndGlobalSection
	GlobalSection(ExtensibilityGlobals) = postSolution
		SolutionGuid = {5AC0B333-0871-4F3A-8FAD-532CDA73A482}
	EndGlobalSection
EndGlobal
